
Microsoft Visual Studio Solution File, Format Version 12.00
# Visual Studio Version 17
VisualStudioVersion = 17.13.35931.197 d17.13
MinimumVisualStudioVersion = 10.0.40219.1
Project("{FAE04EC0-301F-11D3-BF4B-00C04F79EFBC}") = "RocketGame", "RocketGame.csproj", "{ECDA76FC-C715-4875-BE22-944BE0BD9D26}"
EndProject
Global
	GlobalSection(SolutionConfigurationPlatforms) = preSolution
		Debug|Any CPU = Debug|Any CPU
		Release|Any CPU = Release|Any CPU
	EndGlobalSection
	GlobalSection(ProjectConfigurationPlatforms) = postSolution
		{ECDA76FC-C715-4875-BE22-944BE0BD9D26}.Debug|Any CPU.ActiveCfg = Debug|Any CPU
		{ECDA76FC-C715-4875-BE22-944BE0BD9D26}.Debug|Any CPU.Build.0 = Debug|Any CPU
		{ECDA76FC-C715-4875-BE22-944BE0BD9D26}.Release|Any CPU.ActiveCfg = Release|Any CPU
		{ECDA76FC-C715-4875-BE22-944BE0BD9D26}.Release|Any CPU.Build.0 = Release|Any CPU
	EndGlobalSection
	GlobalSection(SolutionProperties) = preSolution
		HideSolutionNode = FALSE
	EndGlobalSection
	GlobalSection(ExtensibilityGlobals) = postSolution
		SolutionGuid = {50D09149-905C-4E03-B034-5BEE8B8B2FA8}
	EndGlobalSection
EndGlobal
